
Microsoft Visual Studio Solution File, Format Version 12.00
# Visual Studio Version 17
VisualStudioVersion = 17.2.32630.192
MinimumVisualStudioVersion = 10.0.40219.1
Project("{9A19103F-16F7-4668-BE54-9A1E7A4F7556}") = "Linear_Engine", "Linear_Engine.csproj", "{A4A4365A-1DBB-497A-83DF-6FDE0CE066B8}"
EndProject
Project("{FAE04EC0-301F-11D3-BF4B-00C04F79EFBC}") = "Lineaments", "..\Lineaments\Lineaments\Lineaments.csproj", "{CD4E7385-D7C9-47A4-94E4-979A543327A1}"
EndProject
Global
	GlobalSection(SolutionConfigurationPlatforms) = preSolution
		Debug|Any CPU = Debug|Any CPU
		Release|Any CPU = Release|Any CPU
	EndGlobalSection
	GlobalSection(ProjectConfigurationPlatforms) = postSolution
		{A4A4365A-1DBB-497A-83DF-6FDE0CE066B8}.Debug|Any CPU.ActiveCfg = Debug|Any CPU
		{A4A4365A-1DBB-497A-83DF-6FDE0CE066B8}.Debug|Any CPU.Build.0 = Debug|Any CPU
		{A4A4365A-1DBB-497A-83DF-6FDE0CE066B8}.Release|Any CPU.ActiveCfg = Release|Any CPU
		{A4A4365A-1DBB-497A-83DF-6FDE0CE066B8}.Release|Any CPU.Build.0 = Release|Any CPU
		{CD4E7385-D7C9-47A4-94E4-979A543327A1}.Debug|Any CPU.ActiveCfg = Debug|Any CPU
		{CD4E7385-D7C9-47A4-94E4-979A543327A1}.Debug|Any CPU.Build.0 = Debug|Any CPU
		{CD4E7385-D7C9-47A4-94E4-979A543327A1}.Release|Any CPU.ActiveCfg = Release|Any CPU
		{CD4E7385-D7C9-47A4-94E4-979A543327A1}.Release|Any CPU.Build.0 = Release|Any CPU
	EndGlobalSection
	GlobalSection(SolutionProperties) = preSolution
		HideSolutionNode = FALSE
	EndGlobalSection
	GlobalSection(ExtensibilityGlobals) = postSolution
		SolutionGuid = {9CE84BCD-4052-4295-96F9-D9F0F0900F24}
	EndGlobalSection
EndGlobal
